// !$*UTF8*$!
{
	archiveVersion = 1;
	classes = {
	};
	objectVersion = 55;
	objects = {

/* Begin PBXBuildFile section */
		5D28C3E25D15493B52177949 /* Pods_RxSwiftCountUp2.framework in Frameworks */ = {isa = PBXBuildFile; fileRef = A5578483C0F5FCB4CDB3E4F4 /* Pods_RxSwiftCountUp2.framework */; };
		8A5C91F52771CC0F00D93A22 /* AppDelegate.swift in Sources */ = {isa = PBXBuildFile; fileRef = 8A5C91F42771CC0F00D93A22 /* AppDelegate.swift */; };
		8A5C91F72771CC0F00D93A22 /* SceneDelegate.swift in Sources */ = {isa = PBXBuildFile; fileRef = 8A5C91F62771CC0F00D93A22 /* SceneDelegate.swift */; };
		8A5C91F92771CC0F00D93A22 /* ViewController.swift in Sources */ = {isa = PBXBuildFile; fileRef = 8A5C91F82771CC0F00D93A22 /* ViewController.swift */; };
		8A5C91FC2771CC0F00D93A22 /* Main.storyboard in Resources */ = {isa = PBXBuildFile; fileRef = 8A5C91FA2771CC0F00D93A22 /* Main.storyboard */; };
		8A5C91FE2771CC1100D93A22 /* Assets.xcassets in Resources */ = {isa = PBXBuildFile; fileRef = 8A5C91FD2771CC1100D93A22 /* Assets.xcassets */; };
		8A5C92012771CC1100D93A22 /* LaunchScreen.storyboard in Resources */ = {isa = PBXBuildFile; fileRef = 8A5C91FF2771CC1100D93A22 /* LaunchScreen.storyboard */; };
/* End PBXBuildFile section */

/* Begin PBXFileReference section */
		17BCB3FC96538A08D43A6A90 /* Pods-RxSwiftCountUp2.release.xcconfig */ = {isa = PBXFileReference; includeInIndex = 1; lastKnownFileType = text.xcconfig; name = "Pods-RxSwiftCountUp2.release.xcconfig"; path = "Target Support Files/Pods-RxSwiftCountUp2/Pods-RxSwiftCountUp2.release.xcconfig"; sourceTree = "<group>"; };
		4919B8CA2FDA8F31FB38B084 /* Pods-RxSwiftCountUp2.debug.xcconfig */ = {isa = PBXFileReference; includeInIndex = 1; lastKnownFileType = text.xcconfig; name = "Pods-RxSwiftCountUp2.debug.xcconfig"; path = "Target Support Files/Pods-RxSwiftCountUp2/Pods-RxSwiftCountUp2.debug.xcconfig"; sourceTree = "<group>"; };
		8A5C91F12771CC0F00D93A22 /* RxSwiftCountUp2.app */ = {isa = PBXFileReference; explicitFileType = wrapper.application; includeInIndex = 0; path = RxSwiftCountUp2.app; sourceTree = BUILT_PRODUCTS_DIR; };
		8A5C91F42771CC0F00D93A22 /* AppDelegate.swift */ = {isa = PBXFileReference; lastKnownFileType = sourcecode.swift; path = AppDelegate.swift; sourceTree = "<group>"; };
		8A5C91F62771CC0F00D93A22 /* SceneDelegate.swift */ = {isa = PBXFileReference; lastKnownFileType = sourcecode.swift; path = SceneDelegate.swift; sourceTree = "<group>"; };
		8A5C91F82771CC0F00D93A22 /* ViewController.swift */ = {isa = PBXFileReference; lastKnownFileType = sourcecode.swift; path = ViewController.swift; sourceTree = "<group>"; };
		8A5C91FB2771CC0F00D93A22 /* Base */ = {isa = PBXFileReference; lastKnownFileType = file.storyboard; name = Base; path = Base.lproj/Main.storyboard; sourceTree = "<group>"; };
		8A5C91FD2771CC1100D93A22 /* Assets.xcassets */ = {isa = PBXFileReference; lastKnownFileType = folder.assetcatalog; path = Assets.xcassets; sourceTree = "<group>"; };
		8A5C92002771CC1100D93A22 /* Base */ = {isa = PBXFileReference; lastKnownFileType = file.storyboard; name = Base; path = Base.lproj/LaunchScreen.storyboard; sourceTree = "<group>"; };
		8A5C92022771CC1100D93A22 /* Info.plist */ = {isa = PBXFileReference; lastKnownFileType = text.plist.xml; path = Info.plist; sourceTree = "<group>"; };
		A5578483C0F5FCB4CDB3E4F4 /* Pods_RxSwiftCountUp2.framework */ = {isa = PBXFileReference; explicitFileType = wrapper.framework; includeInIndex = 0; path = Pods_RxSwiftCountUp2.framework; sourceTree = BUILT_PRODUCTS_DIR; };
/* End PBXFileReference section */

/* Begin PBXFrameworksBuildPhase section */
		8A5C91EE2771CC0F00D93A22 /* Frameworks */ = {
			isa = PBXFrameworksBuildPhase;
			buildActionMask = 2147483647;
			files = (
				5D28C3E25D15493B52177949 /* Pods_RxSwiftCountUp2.framework in Frameworks */,
			);
			runOnlyForDeploymentPostprocessing = 0;
		};
/* End PBXFrameworksBuildPhase section */

/* Begin PBXGroup section */
		094041FFC12E7A1DCF5BB2D1 /* Pods */ = {
			isa = PBXGroup;
			children = (
				4919B8CA2FDA8F31FB38B084 /* Pods-RxSwiftCountUp2.debug.xcconfig */,
				17BCB3FC96538A08D43A6A90 /* Pods-RxSwiftCountUp2.release.xcconfig */,
			);
			name = Pods;
			path = Pods;
			sourceTree = "<group>";
		};
		8A5C91E82771CC0F00D93A22 = {
			isa = PBXGroup;
			children = (
				8A5C91F32771CC0F00D93A22 /* RxSwiftCountUp2 */,
				8A5C91F22771CC0F00D93A22 /* Products */,
				094041FFC12E7A1DCF5BB2D1 /* Pods */,
				B380788DF1471A6FC243DF0C /* Frameworks */,
			);
			sourceTree = "<group>";
		};
		8A5C91F22771CC0F00D93A22 /* Products */ = {
			isa = PBXGroup;
			children = (
				8A5C91F12771CC0F00D93A22 /* RxSwiftCountUp2.app */,
			);
			name = Products;
			sourceTree = "<group>";
		};
		8A5C91F32771CC0F00D93A22 /* RxSwiftCountUp2 */ = {
			isa = PBXGroup;
			children = (
				8A5C91F42771CC0F00D93A22 /* AppDelegate.swift */,
				8A5C91F62771CC0F00D93A22 /* SceneDelegate.swift */,
				8A5C91F82771CC0F00D93A22 /* ViewController.swift */,
				8A5C91FA2771CC0F00D93A22 /* Main.storyboard */,
				8A5C91FD2771CC1100D93A22 /* Assets.xcassets */,
				8A5C91FF2771CC1100D93A22 /* LaunchScreen.storyboard */,
				8A5C92022771CC1100D93A22 /* Info.plist */,
			);
			path = RxSwiftCountUp2;
			sourceTree = "<group>";
		};
		B380788DF1471A6FC243DF0C /* Frameworks */ = {
			isa = PBXGroup;
			children = (
				A5578483C0F5FCB4CDB3E4F4 /* Pods_RxSwiftCountUp2.framework */,
			);
			name = Frameworks;
			sourceTree = "<group>";
		};
/* End PBXGroup section */

/* Begin PBXNativeTarget section */
		8A5C91F02771CC0F00D93A22 /* RxSwiftCountUp2 */ = {
			isa = PBXNativeTarget;
			buildConfigurationList = 8A5C92052771CC1100D93A22 /* Build configuration list for PBXNativeTarget "RxSwiftCountUp2" */;
			buildPhases = (
				7F4FDBF0C4FE72CAE0B80D22 /* [CP] Check Pods Manifest.lock */,
				8A5C91ED2771CC0F00D93A22 /* Sources */,
				8A5C91EE2771CC0F00D93A22 /* Frameworks */,
				8A5C91EF2771CC0F00D93A22 /* Resources */,
				203D27D1ECFC067C3CCC476B /* [CP] Embed Pods Frameworks */,
			);
			buildRules = (
			);
			dependencies = (
			);
			name = RxSwiftCountUp2;
			productName = RxSwiftCountUp2;
			productReference = 8A5C91F12771CC0F00D93A22 /* RxSwiftCountUp2.app */;
			productType = "com.apple.product-type.application";
		};
/* End PBXNativeTarget section */

/* Begin PBXProject section */
		8A5C91E92771CC0F00D93A22 /* Project object */ = {
			isa = PBXProject;
			attributes = {
				BuildIndependentTargetsInParallel = 1;
				LastSwiftUpdateCheck = 1310;
				LastUpgradeCheck = 1310;
				TargetAttributes = {
					8A5C91F02771CC0F00D93A22 = {
						CreatedOnToolsVersion = 13.1;
					};
				};
			};
			buildConfigurationList = 8A5C91EC2771CC0F00D93A22 /* Build configuration list for PBXProject "RxSwiftCountUp2" */;
			compatibilityVersion = "Xcode 13.0";
			developmentRegion = en;
			hasScannedForEncodings = 0;
			knownRegions = (
				en,
				Base,
			);
			mainGroup = 8A5C91E82771CC0F00D93A22;
			productRefGroup = 8A5C91F22771CC0F00D93A22 /* Products */;
			projectDirPath = "";
			projectRoot = "";
			targets = (
				8A5C91F02771CC0F00D93A22 /* RxSwiftCountUp2 */,
			);
		};
/* End PBXProject section */

/* Begin PBXResourcesBuildPhase section */
		8A5C91EF2771CC0F00D93A22 /* Resources */ = {
			isa = PBXResourcesBuildPhase;
			buildActionMask = 2147483647;
			files = (
				8A5C92012771CC1100D93A22 /* LaunchScreen.storyboard in Resources */,
				8A5C91FE2771CC1100D93A22 /* Assets.xcassets in Resources */,
				8A5C91FC2771CC0F00D93A22 /* Main.storyboard in Resources */,
			);
			runOnlyForDeploymentPostprocessing = 0;
		};
/* End PBXResourcesBuildPhase section */

/* Begin PBXShellScriptBuildPhase section */
		203D27D1ECFC067C3CCC476B /* [CP] Embed Pods Frameworks */ = {
			isa = PBXShellScriptBuildPhase;
			buildActionMask = 2147483647;
			files = (
			);
			inputFileListPaths = (
				"${PODS_ROOT}/Target Support Files/Pods-RxSwiftCountUp2/Pods-RxSwiftCountUp2-frameworks-${CONFIGURATION}-input-files.xcfilelist",
			);
			name = "[CP] Embed Pods Frameworks";
			outputFileListPaths = (
				"${PODS_ROOT}/Target Support Files/Pods-RxSwiftCountUp2/Pods-RxSwiftCountUp2-frameworks-${CONFIGURATION}-output-files.xcfilelist",
			);
			runOnlyForDeploymentPostprocessing = 0;
			shellPath = /bin/sh;
			shellScript = "\"${PODS_ROOT}/Target Support Files/Pods-RxSwiftCountUp2/Pods-RxSwiftCountUp2-frameworks.sh\"\n";
			showEnvVarsInLog = 0;
		};
		7F4FDBF0C4FE72CAE0B80D22 /* [CP] Check Pods Manifest.lock */ = {
			isa = PBXShellScriptBuildPhase;
			buildActionMask = 2147483647;
			files = (
			);
			inputFileListPaths = (
			);
			inputPaths = (
				"${PODS_PODFILE_DIR_PATH}/Podfile.lock",
				"${PODS_ROOT}/Manifest.lock",
			);
			name = "[CP] Check Pods Manifest.lock";
			outputFileListPaths = (
			);
			outputPaths = (
				"$(DERIVED_FILE_DIR)/Pods-RxSwiftCountUp2-checkManifestLockResult.txt",
			);
			runOnlyForDeploymentPostprocessing = 0;
			shellPath = /bin/sh;
			shellScript = "diff \"${PODS_PODFILE_DIR_PATH}/Podfile.lock\" \"${PODS_ROOT}/Manifest.lock\" > /dev/null\nif [ $? != 0 ] ; then\n    # print error to STDERR\n    echo \"error: The sandbox is not in sync with the Podfile.lock. Run 'pod install' or update your CocoaPods installation.\" >&2\n    exit 1\nfi\n# This output is used by Xcode 'outputs' to avoid re-running this script phase.\necho \"SUCCESS\" > \"${SCRIPT_OUTPUT_FILE_0}\"\n";
			showEnvVarsInLog = 0;
		};
/* End PBXShellScriptBuildPhase section */

/* Begin PBXSourcesBuildPhase section */
		8A5C91ED2771CC0F00D93A22 /* Sources */ = {
			isa = PBXSourcesBuildPhase;
			buildActionMask = 2147483647;
			files = (
				8A5C91F92771CC0F00D93A22 /* ViewController.swift in Sources */,
				8A5C91F52771CC0F00D93A22 /* AppDelegate.swift in Sources */,
				8A5C91F72771CC0F00D93A22 /* SceneDelegate.swift in Sources */,
			);
			runOnlyForDeploymentPostprocessing = 0;
		};
/* End PBXSourcesBuildPhase section */

/* Begin PBXVariantGroup section */
		8A5C91FA2771CC0F00D93A22 /* Main.storyboard */ = {
			isa = PBXVariantGroup;
			children = (
				8A5C91FB2771CC0F00D93A22 /* Base */,
			);
			name = Main.storyboard;
			sourceTree = "<group>";
		};
		8A5C91FF2771CC1100D93A22 /* LaunchScreen.storyboard */ = {
			isa = PBXVariantGroup;
			children = (
				8A5C92002771CC1100D93A22 /* Base */,
			);
			name = LaunchScreen.storyboard;
			sourceTree = "<group>";
		};
/* End PBXVariantGroup section */

/* Begin XCBuildConfiguration section */
		8A5C92032771CC1100D93A22 /* Debug */ = {
			isa = XCBuildConfiguration;
			buildSettings = {
				ALWAYS_SEARCH_USER_PATHS = NO;
				CLANG_ANALYZER_NONNULL = YES;
				CLANG_ANALYZER_NUMBER_OBJECT_CONVERSION = YES_AGGRESSIVE;
				CLANG_CXX_LANGUAGE_STANDARD = "gnu++17";
				CLANG_CXX_LIBRARY = "libc++";
				CLANG_ENABLE_MODULES = YES;
				CLANG_ENABLE_OBJC_ARC = YES;
				CLANG_ENABLE_OBJC_WEAK = YES;
				CLANG_WARN_BLOCK_CAPTURE_AUTORELEASING = YES;
				CLANG_WARN_BOOL_CONVERSION = YES;
				CLANG_WARN_COMMA = YES;
				CLANG_WARN_CONSTANT_CONVERSION = YES;
				CLANG_WARN_DEPRECATED_OBJC_IMPLEMENTATIONS = YES;
				CLANG_WARN_DIRECT_OBJC_ISA_USAGE = YES_ERROR;
				CLANG_WARN_DOCUMENTATION_COMMENTS = YES;
				CLANG_WARN_EMPTY_BODY = YES;
				CLANG_WARN_ENUM_CONVERSION = YES;
				CLANG_WARN_INFINITE_RECURSION = YES;
				CLANG_WARN_INT_CONVERSION = YES;
				CLANG_WARN_NON_LITERAL_NULL_CONVERSION = YES;
				CLANG_WARN_OBJC_IMPLICIT_RETAIN_SELF = YES;
				CLANG_WARN_OBJC_LITERAL_CONVERSION = YES;
				CLANG_WARN_OBJC_ROOT_CLASS = YES_ERROR;
				CLANG_WARN_QUOTED_INCLUDE_IN_FRAMEWORK_HEADER = YES;
				CLANG_WARN_RANGE_LOOP_ANALYSIS = YES;
				CLANG_WARN_STRICT_PROTOTYPES = YES;
				CLANG_WARN_SUSPICIOUS_MOVE = YES;
				CLANG_WARN_UNGUARDED_AVAILABILITY = YES_AGGRESSIVE;
				CLANG_WARN_UNREACHABLE_CODE = YES;
				CLANG_WARN__DUPLICATE_METHOD_MATCH = YES;
				COPY_PHASE_STRIP = NO;
				DEBUG_INFORMATION_FORMAT = dwarf;
				ENABLE_STRICT_OBJC_MSGSEND = YES;
				ENABLE_TESTABILITY = YES;
				GCC_C_LANGUAGE_STANDARD = gnu11;
				GCC_DYNAMIC_NO_PIC = NO;
				GCC_NO_COMMON_BLOCKS = YES;
				GCC_OPTIMIZATION_LEVEL = 0;
				GCC_PREPROCESSOR_DEFINITIONS = (
					"DEBUG=1",
					"$(inherited)",
				);
				GCC_WARN_64_TO_32_BIT_CONVERSION = YES;
				GCC_WARN_ABOUT_RETURN_TYPE = YES_ERROR;
				GCC_WARN_UNDECLARED_SELECTOR = YES;
				GCC_WARN_UNINITIALIZED_AUTOS = YES_AGGRESSIVE;
				GCC_WARN_UNUSED_FUNCTION = YES;
				GCC_WARN_UNUSED_VARIABLE = YES;
				IPHONEOS_DEPLOYMENT_TARGET = 15.0;
				MTL_ENABLE_DEBUG_INFO = INCLUDE_SOURCE;
				MTL_FAST_MATH = YES;
				ONLY_ACTIVE_ARCH = YES;
				SDKROOT = iphoneos;
				SWIFT_ACTIVE_COMPILATION_CONDITIONS = DEBUG;
				SWIFT_OPTIMIZATION_LEVEL = "-Onone";
			};
			name = Debug;
		};
		8A5C92042771CC1100D93A22 /* Release */ = {
			isa = XCBuildConfiguration;
			buildSettings = {
				ALWAYS_SEARCH_USER_PATHS = NO;
				CLANG_ANALYZER_NONNULL = YES;
				CLANG_ANALYZER_NUMBER_OBJECT_CONVERSION = YES_AGGRESSIVE;
				CLANG_CXX_LANGUAGE_STANDARD = "gnu++17";
				CLANG_CXX_LIBRARY = "libc++";
				CLANG_ENABLE_MODULES = YES;
				CLANG_ENABLE_OBJC_ARC = YES;
				CLANG_ENABLE_OBJC_WEAK = YES;
				CLANG_WARN_BLOCK_CAPTURE_AUTORELEASING = YES;
				CLANG_WARN_BOOL_CONVERSION = YES;
				CLANG_WARN_COMMA = YES;
				CLANG_WARN_CONSTANT_CONVERSION = YES;
				CLANG_WARN_DEPRECATED_OBJC_IMPLEMENTATIONS = YES;
				CLANG_WARN_DIRECT_OBJC_ISA_USAGE = YES_ERROR;
				CLANG_WARN_DOCUMENTATION_COMMENTS = YES;
				CLANG_WARN_EMPTY_BODY = YES;
				CLANG_WARN_ENUM_CONVERSION = YES;
				CLANG_WARN_INFINITE_RECURSION = YES;
				CLANG_WARN_INT_CONVERSION = YES;
				CLANG_WARN_NON_LITERAL_NULL_CONVERSION = YES;
				CLANG_WARN_OBJC_IMPLICIT_RETAIN_SELF = YES;
				CLANG_WARN_OBJC_LITERAL_CONVERSION = YES;
				CLANG_WARN_OBJC_ROOT_CLASS = YES_ERROR;
				CLANG_WARN_QUOTED_INCLUDE_IN_FRAMEWORK_HEADER = YES;
				CLANG_WARN_RANGE_LOOP_ANALYSIS = YES;
				CLANG_WARN_STRICT_PROTOTYPES = YES;
				CLANG_WARN_SUSPICIOUS_MOVE = YES;
				CLANG_WARN_UNGUARDED_AVAILABILITY = YES_AGGRESSIVE;
				CLANG_WARN_UNREACHABLE_CODE = YES;
				CLANG_WARN__DUPLICATE_METHOD_MATCH = YES;
				COPY_PHASE_STRIP = NO;
				DEBUG_INFORMATION_FORMAT = "dwarf-with-dsym";
				ENABLE_NS_ASSERTIONS = NO;
				ENABLE_STRICT_OBJC_MSGSEND = YES;
				GCC_C_LANGUAGE_STANDARD = gnu11;
				GCC_NO_COMMON_BLOCKS = YES;
				GCC_WARN_64_TO_32_BIT_CONVERSION = YES;
				GCC_WARN_ABOUT_RETURN_TYPE = YES_ERROR;
				GCC_WARN_UNDECLARED_SELECTOR = YES;
				GCC_WARN_UNINITIALIZED_AUTOS = YES_AGGRESSIVE;
				GCC_WARN_UNUSED_FUNCTION = YES;
				GCC_WARN_UNUSED_VARIABLE = YES;
				IPHONEOS_DEPLOYMENT_TARGET = 15.0;
				MTL_ENABLE_DEBUG_INFO = NO;
				MTL_FAST_MATH = YES;
				SDKROOT = iphoneos;
				SWIFT_COMPILATION_MODE = wholemodule;
				SWIFT_OPTIMIZATION_LEVEL = "-O";
				VALIDATE_PRODUCT = YES;
			};
			name = Release;
		};
		8A5C92062771CC1100D93A22 /* Debug */ = {
			isa = XCBuildConfiguration;
			baseConfigurationReference = 4919B8CA2FDA8F31FB38B084 /* Pods-RxSwiftCountUp2.debug.xcconfig */;
			buildSettings = {
				ASSETCATALOG_COMPILER_APPICON_NAME = AppIcon;
				ASSETCATALOG_COMPILER_GLOBAL_ACCENT_COLOR_NAME = AccentColor;
				CODE_SIGN_STYLE = Automatic;
				CURRENT_PROJECT_VERSION = 1;
				DEVELOPMENT_TEAM = 827H72CABH;
				GENERATE_INFOPLIST_FILE = YES;
				INFOPLIST_FILE = RxSwiftCountUp2/Info.plist;
				INFOPLIST_KEY_UIApplicationSupportsIndirectInputEvents = YES;
				INFOPLIST_KEY_UILaunchStoryboardName = LaunchScreen;
				INFOPLIST_KEY_UIMainStoryboardFile = Main;
				INFOPLIST_KEY_UISupportedInterfaceOrientations_iPad = "UIInterfaceOrientationPortrait UIInterfaceOrientationPortraitUpsideDown UIInterfaceOrientationLandscapeLeft UIInterfaceOrientationLandscapeRight";
				INFOPLIST_KEY_UISupportedInterfaceOrientations_iPhone = "UIInterfaceOrientationPortrait UIInterfaceOrientationLandscapeLeft UIInterfaceOrientationLandscapeRight";
				LD_RUNPATH_SEARCH_PATHS = (
					"$(inherited)",
					"@executable_path/Frameworks",
				);
				MARKETING_VERSION = 1.0;
				PRODUCT_BUNDLE_IDENTIFIER = com.koichi.RxSwiftCountUp2;
				PRODUCT_NAME = "$(TARGET_NAME)";
				SWIFT_EMIT_LOC_STRINGS = YES;
				SWIFT_VERSION = 5.0;
				TARGETED_DEVICE_FAMILY = "1,2";
			};
			name = Debug;
		};
		8A5C92072771CC1100D93A22 /* Release */ = {
			isa = XCBuildConfiguration;
			baseConfigurationReference = 17BCB3FC96538A08D43A6A90 /* Pods-RxSwiftCountUp2.release.xcconfig */;
			buildSettings = {
				ASSETCATALOG_COMPILER_APPICON_NAME = AppIcon;
				ASSETCATALOG_COMPILER_GLOBAL_ACCENT_COLOR_NAME = AccentColor;
				CODE_SIGN_STYLE = Automatic;
				CURRENT_PROJECT_VERSION = 1;
				DEVELOPMENT_TEAM = 827H72CABH;
				GENERATE_INFOPLIST_FILE = YES;
				INFOPLIST_FILE = RxSwiftCountUp2/Info.plist;
				INFOPLIST_KEY_UIApplicationSupportsIndirectInputEvents = YES;
				INFOPLIST_KEY_UILaunchStoryboardName = LaunchScreen;
				INFOPLIST_KEY_UIMainStoryboardFile = Main;
				INFOPLIST_KEY_UISupportedInterfaceOrientations_iPad = "UIInterfaceOrientationPortrait UIInterfaceOrientationPortraitUpsideDown UIInterfaceOrientationLandscapeLeft UIInterfaceOrientationLandscapeRight";
				INFOPLIST_KEY_UISupportedInterfaceOrientations_iPhone = "UIInterfaceOrientationPortrait UIInterfaceOrientationLandscapeLeft UIInterfaceOrientationLandscapeRight";
				LD_RUNPATH_SEARCH_PATHS = (
					"$(inherited)",
					"@executable_path/Frameworks",
				);
				MARKETING_VERSION = 1.0;
				PRODUCT_BUNDLE_IDENTIFIER = com.koichi.RxSwiftCountUp2;
				PRODUCT_NAME = "$(TARGET_NAME)";
				SWIFT_EMIT_LOC_STRINGS = YES;
				SWIFT_VERSION = 5.0;
				TARGETED_DEVICE_FAMILY = "1,2";
			};
			name = Release;
		};
/* End XCBuildConfiguration section */

/* Begin XCConfigurationList section */
		8A5C91EC2771CC0F00D93A22 /* Build configuration list for PBXProject "RxSwiftCountUp2" */ = {
			isa = XCConfigurationList;
			buildConfigurations = (
				8A5C92032771CC1100D93A22 /* Debug */,
				8A5C92042771CC1100D93A22 /* Release */,
			);
			defaultConfigurationIsVisible = 0;
			defaultConfigurationName = Release;
		};
		8A5C92052771CC1100D93A22 /* Build configuration list for PBXNativeTarget "RxSwiftCountUp2" */ = {
			isa = XCConfigurationList;
			buildConfigurations = (
				8A5C92062771CC1100D93A22 /* Debug */,
				8A5C92072771CC1100D93A22 /* Release */,
			);
			defaultConfigurationIsVisible = 0;
			defaultConfigurationName = Release;
		};
/* End XCConfigurationList section */
	};
	rootObject = 8A5C91E92771CC0F00D93A22 /* Project object */;
}
